Microsoft Visual Studio Solution File, Format Version 12.00
# Visual Studio Version 17
VisualStudioVersion = 17.5.2.0
MinimumVisualStudioVersion = 10.0.40219.1
Project("{FAE04EC0-301F-11D3-BF4B-00C04F79EFBC}") = "marcoSeguridad", "marcoSeguridad.csproj", "{4DE5435D-B689-C4AD-EA24-ADB25EEDDFC4}"
EndProject
Global
	GlobalSection(SolutionConfigurationPlatforms) = preSolution
		Debug|Any CPU = Debug|Any CPU
		Release|Any CPU = Release|Any CPU
	EndGlobalSection
	GlobalSection(ProjectConfigurationPlatforms) = postSolution
		{4DE5435D-B689-C4AD-EA24-ADB25EEDDFC4}.Debug|Any CPU.ActiveCfg = Debug|Any CPU
		{4DE5435D-B689-C4AD-EA24-ADB25EEDDFC4}.Debug|Any CPU.Build.0 = Debug|Any CPU
		{4DE5435D-B689-C4AD-EA24-ADB25EEDDFC4}.Release|Any CPU.ActiveCfg = Release|Any CPU
		{4DE5435D-B689-C4AD-EA24-ADB25EEDDFC4}.Release|Any CPU.Build.0 = Release|Any CPU
	EndGlobalSection
	GlobalSection(SolutionProperties) = preSolution
		HideSolutionNode = FALSE
	EndGlobalSection
	GlobalSection(ExtensibilityGlobals) = postSolution
		SolutionGuid = {5D81B5C8-3279-49C2-8A81-42809CF27F36}
	EndGlobalSection
EndGlobal
